github.com/markkurossi/datalog v0.0.0-20200902130217-08b281d7048f h1:G48uIM8B+pZ+HOfUFkfncvRiLFpg1m0/yXXlqrOpavo=
github.com/markkurossi/datalog v0.0.0-20200902130217-08b281d7048f/go.mod h1:Mgsf/OOZhxCPbTtgxSwXDfFoAFdZXAgrqKSWQL7RhAE=
github.com/markkurossi/sldc v0.0.0-20200901042637-bd965d2f46b1 h1:7+0aYrJNs4QUCrrrMKMDoWstPlvy/f+49a3hG8PuJHo=
github.com/markkurossi/sldc v0.0.0-20200901042637-bd965d2f46b1/go.mod h1:6tWEdA+R7aHbDsZhZ/020XdKYLcC/hXTX5vxO5okw2I=
